{
  "version": 4,
  "terraform_version": "1.6.6",
  "serial": 6,
  "lineage": "2c8bd336-4c17-f89b-c215-66e93e8fa595",
  "outputs": {
    "local_file": {
      "value": "bc9f0fa87534d45857104385f80118786eb7cdea",
      "type": "string"
    }
  },
  "resources": [
    {
      "mode": "managed",
      "type": "local_file",
      "name": "object_variable_file",
      "provider": "provider[\"registry.terraform.io/hashicorp/local\"]",
      "instances": [
        {
          "schema_version": 0,
          "attributes": {
            "content": "{\"age\":23,\"name\":\"srishti\"}",
            "content_base64": null,
            "content_base64sha256": "3Fn1TDIiQcvb0v8JKEbQL+cgdWwWpSmQyOo++oPuEHQ=",
            "content_base64sha512": "okwQtKbO5BzGfGc9WqM/TD+ayG7zqtIFd7Fz0DcvAisUQal58pUYVQl2aCeRfHR6ZlfrwkzRgwpDmNMikBVfzQ==",
            "content_md5": "c25843bc60d76fc4f692b8eb403ae21a",
            "content_sha1": "10fc54d0434acdbe8c814adf9f93b6911ed1788d",
            "content_sha256": "dc59f54c322241cbdbd2ff092846d02fe720756c16a52990c8ea3efa83ee1074",
            "content_sha512": "a24c10b4a6cee41cc67c673d5aa33f4c3f9ac86ef3aad20577b173d0372f022b1441a979f295185509766827917c747a6657ebc24cd1830a4398d32290155fcd",
            "directory_permission": "0777",
            "file_permission": "0777",
            "filename": "./o_variable.txt",
            "id": "10fc54d0434acdbe8c814adf9f93b6911ed1788d",
            "sensitive_content": null,
            "source": null
          },
          "sensitive_attributes": []
        }
      ]
    },
    {
      "mode": "managed",
      "type": "local_file",
      "name": "test",
      "provider": "provider[\"registry.terraform.io/hashicorp/local\"]",
      "instances": [
        {
          "schema_version": 0,
          "attributes": {
            "content": "{\"name\":\"srishti\",\"sirname\":\"garg\"}",
            "content_base64": null,
            "content_base64sha256": "iYP3nlMYGdkKu+2mFtlHosRY7FJK1/MA/nLW9LlUKg0=",
            "content_base64sha512": "wGouqBNmiexsSGaGKjsfKz4Ww8pERn0uXj0KeThk7q5yqIDG6eDYTo6Dxtz4yljbC+BZvCLiEcSj3KC5EgqFsA==",
            "content_md5": "6f630c44a121b70eac1f3476ecf72cb3",
            "content_sha1": "bc9f0fa87534d45857104385f80118786eb7cdea",
            "content_sha256": "8983f79e531819d90abbeda616d947a2c458ec524ad7f300fe72d6f4b9542a0d",
            "content_sha512": "c06a2ea8136689ec6c4866862a3b1f2b3e16c3ca44467d2e5e3d0a793864eeae72a880c6e9e0d84e8e83c6dcf8ca58db0be059bc22e211c4a3dca0b9120a85b0",
            "directory_permission": "0777",
            "file_permission": "0777",
            "filename": "./third.bar",
            "id": "bc9f0fa87534d45857104385f80118786eb7cdea",
            "sensitive_content": null,
            "source": null
          },
          "sensitive_attributes": []
        }
      ]
    }
  ],
  "check_results": null
}
