{
  "version": 4,
  "terraform_version": "1.6.6",
  "serial": 3,
  "lineage": "2c8bd336-4c17-f89b-c215-66e93e8fa595",
  "outputs": {},
  "resources": [
    {
      "mode": "managed",
      "type": "local_file",
      "name": "object_variable_file",
      "provider": "provider[\"registry.terraform.io/hashicorp/local\"]",
      "instances": [
        {
          "schema_version": 0,
          "attributes": {
            "content": "{\"age\":23,\"name\":\"srishti\"}",
            "content_base64": null,
            "content_base64sha256": "3Fn1TDIiQcvb0v8JKEbQL+cgdWwWpSmQyOo++oPuEHQ=",
            "content_base64sha512": "okwQtKbO5BzGfGc9WqM/TD+ayG7zqtIFd7Fz0DcvAisUQal58pUYVQl2aCeRfHR6ZlfrwkzRgwpDmNMikBVfzQ==",
            "content_md5": "c25843bc60d76fc4f692b8eb403ae21a",
            "content_sha1": "10fc54d0434acdbe8c814adf9f93b6911ed1788d",
            "content_sha256": "dc59f54c322241cbdbd2ff092846d02fe720756c16a52990c8ea3efa83ee1074",
            "content_sha512": "a24c10b4a6cee41cc67c673d5aa33f4c3f9ac86ef3aad20577b173d0372f022b1441a979f295185509766827917c747a6657ebc24cd1830a4398d32290155fcd",
            "directory_permission": "0777",
            "file_permission": "0777",
            "filename": "./o_variable.txt",
            "id": "10fc54d0434acdbe8c814adf9f93b6911ed1788d",
            "sensitive_content": null,
            "source": null
          },
          "sensitive_attributes": []
        }
      ]
    },
    {
      "mode": "managed",
      "type": "local_file",
      "name": "test",
      "provider": "provider[\"registry.terraform.io/hashicorp/local\"]",
      "instances": [
        {
          "schema_version": 0,
          "attributes": {
            "content": "srishti",
            "content_base64": null,
            "content_base64sha256": "mp0kYwaTC6iIStjxtXdETSrtvA80p/HlqhlAM0AhVbs=",
            "content_base64sha512": "fbreMg4/NiATZOtRTTpdJuk7jB5TpahcsBCXGS7Kv3iOLdnXCnrEErWZvObMCcgshzsVBjuxeQm2KzDOqb5BFw==",
            "content_md5": "eda5ec3def8a7176a2195af7cb48d5f7",
            "content_sha1": "fd9ef37be582ab333f0ef509a214649dea9a3fa3",
            "content_sha256": "9a9d246306930ba8884ad8f1b577444d2aedbc0f34a7f1e5aa194033402155bb",
            "content_sha512": "7dbade320e3f36201364eb514d3a5d26e93b8c1e53a5a85cb01097192ecabf788e2dd9d70a7ac412b599bce6cc09c82c873b15063bb17909b62b30cea9be4117",
            "directory_permission": "0777",
            "file_permission": "0777",
            "filename": "./third.bar",
            "id": "fd9ef37be582ab333f0ef509a214649dea9a3fa3",
            "sensitive_content": null,
            "source": null
          },
          "sensitive_attributes": []
        }
      ]
    }
  ],
  "check_results": null
}
